
Microsoft Visual Studio Solution File, Format Version 12.00
# Visual Studio Version 17
VisualStudioVersion = 17.9.34526.213
MinimumVisualStudioVersion = 10.0.40219.1
Project("{9A19103F-16F7-4668-BE54-9A1E7A4F7556}") = "Domain", "Domain\Domain.csproj", "{7EAB02F4-1A9B-41FC-8C5A-6B6221338B96}"
EndProject
Project("{9A19103F-16F7-4668-BE54-9A1E7A4F7556}") = "Infrastructure", "Infrastructure\Infrastructure.csproj", "{69C3523A-E9C6-4C9A-818F-9EC6E365B8BB}"
EndProject
Project("{9A19103F-16F7-4668-BE54-9A1E7A4F7556}") = "Application", "Application\Application.csproj", "{80CB9121-7135-40F6-BFD5-DC2A8A80E686}"
EndProject
Project("{9A19103F-16F7-4668-BE54-9A1E7A4F7556}") = "Web", "Web\Web.csproj", "{6D94A532-8C88-44ED-9FA7-893724FC31E1}"
EndProject
Global
	GlobalSection(SolutionConfigurationPlatforms) = preSolution
		Debug|Any CPU = Debug|Any CPU
		Release|Any CPU = Release|Any CPU
	EndGlobalSection
	GlobalSection(ProjectConfigurationPlatforms) = postSolution
		{7EAB02F4-1A9B-41FC-8C5A-6B6221338B96}.Debug|Any CPU.ActiveCfg = Debug|Any CPU
		{7EAB02F4-1A9B-41FC-8C5A-6B6221338B96}.Debug|Any CPU.Build.0 = Debug|Any CPU
		{7EAB02F4-1A9B-41FC-8C5A-6B6221338B96}.Release|Any CPU.ActiveCfg = Release|Any CPU
		{7EAB02F4-1A9B-41FC-8C5A-6B6221338B96}.Release|Any CPU.Build.0 = Release|Any CPU
		{69C3523A-E9C6-4C9A-818F-9EC6E365B8BB}.Debug|Any CPU.ActiveCfg = Debug|Any CPU
		{69C3523A-E9C6-4C9A-818F-9EC6E365B8BB}.Debug|Any CPU.Build.0 = Debug|Any CPU
		{69C3523A-E9C6-4C9A-818F-9EC6E365B8BB}.Release|Any CPU.ActiveCfg = Release|Any CPU
		{69C3523A-E9C6-4C9A-818F-9EC6E365B8BB}.Release|Any CPU.Build.0 = Release|Any CPU
		{80CB9121-7135-40F6-BFD5-DC2A8A80E686}.Debug|Any CPU.ActiveCfg = Debug|Any CPU
		{80CB9121-7135-40F6-BFD5-DC2A8A80E686}.Debug|Any CPU.Build.0 = Debug|Any CPU
		{80CB9121-7135-40F6-BFD5-DC2A8A80E686}.Release|Any CPU.ActiveCfg = Release|Any CPU
		{80CB9121-7135-40F6-BFD5-DC2A8A80E686}.Release|Any CPU.Build.0 = Release|Any CPU
		{6D94A532-8C88-44ED-9FA7-893724FC31E1}.Debug|Any CPU.ActiveCfg = Debug|Any CPU
		{6D94A532-8C88-44ED-9FA7-893724FC31E1}.Debug|Any CPU.Build.0 = Debug|Any CPU
		{6D94A532-8C88-44ED-9FA7-893724FC31E1}.Release|Any CPU.ActiveCfg = Release|Any CPU
		{6D94A532-8C88-44ED-9FA7-893724FC31E1}.Release|Any CPU.Build.0 = Release|Any CPU
	EndGlobalSection
	GlobalSection(SolutionProperties) = preSolution
		HideSolutionNode = FALSE
	EndGlobalSection
	GlobalSection(ExtensibilityGlobals) = postSolution
		SolutionGuid = {B3DD1879-F4CE-4F08-BAF6-E5448BD188CE}
	EndGlobalSection
EndGlobal
